PODS:
  - LiveMediaFramework (0.0.2):
    - LiveMediaFramework/zip (= 0.0.2)
  - LiveMediaFramework/zip (0.0.2)

DEPENDENCIES:
  - LiveMediaFramework

SPEC REPOS:
  trunk:
    - LiveMediaFramework

SPEC CHECKSUMS:
  LiveMediaFramework: c26e8acce399feb321b690abbede68face424dc5

PODFILE CHECKSUM: 991284ba60352a833cf86e3ce37d984a70be3d3b

COCOAPODS: 1.9.1
