PODS:
  - LiveMediaFramework (0.0.6):
    - LiveMediaFramework/zip (= 0.0.6)
  - LiveMediaFramework/zip (0.0.6)

DEPENDENCIES:
  - LiveMediaFramework

SPEC REPOS:
  https://github.com/CocoaPods/Specs.git:
    - LiveMediaFramework

SPEC CHECKSUMS:
  LiveMediaFramework: 350a259460a352ee16523b4bd2de0bfdbba20312

PODFILE CHECKSUM: 33e01a4b05cc7d7aa33ab4b5c0b6b5aa46585690

COCOAPODS: 1.9.2
